
Microsoft Visual Studio Solution File, Format Version 12.00
# Visual Studio 15
VisualStudioVersion = 15.0.26430.6
MinimumVisualStudioVersion = 10.0.40219.1
Project("{2150E333-8FDC-42A3-9474-1A3956D46DE8}") = "src", "src", "{34FFBC9F-C270-4B10-98C8-F6882606DDFE}"
EndProject
Project("{2150E333-8FDC-42A3-9474-1A3956D46DE8}") = "tests", "tests", "{0A180C16-51EB-44E1-A9DF-6BC742E49C24}"
EndProject
Project("{FAE04EC0-301F-11D3-BF4B-00C04F79EFBC}") = "Test.ADAL.NET.Unit", "tests\Test.ADAL.NET.Unit\Test.ADAL.NET.Unit.csproj", "{91E9E564-8A44-457B-A97C-E76C9F6275D6}"
EndProject
Project("{2150E333-8FDC-42A3-9474-1A3956D46DE8}") = ".nuget", ".nuget", "{357DDDEF-26DF-436F-B35E-340646C9D863}"
	ProjectSection(SolutionItems) = preProject
		.nuget\NuGet.Config = .nuget\NuGet.Config
		.nuget\NuGet.exe = .nuget\NuGet.exe
		.nuget\NuGet.targets = .nuget\NuGet.targets
	EndProjectSection
EndProject
Project("{9A19103F-16F7-4668-BE54-9A1E7A4F7556}") = "ADAL.PCL", "src\ADAL.PCL\ADAL.PCL.csproj", "{94569420-69B5-4031-A975-F5791E3F2F17}"
EndProject
Project("{FAE04EC0-301F-11D3-BF4B-00C04F79EFBC}") = "ADAL.PCL.Desktop", "src\ADAL.PCL.Desktop\ADAL.PCL.Desktop.csproj", "{FA2C7F08-3CCB-47C2-B359-627CC96C04A3}"
EndProject
Project("{9A19103F-16F7-4668-BE54-9A1E7A4F7556}") = "ADAL.PCL.CoreCLR", "src\ADAL.PCL.CoreCLR\ADAL.PCL.CoreCLR.csproj", "{75D27855-D189-44AE-9FA9-10E729C573F4}"
EndProject
Global
	GlobalSection(SolutionConfigurationPlatforms) = preSolution
		Ad-Hoc|Any CPU = Ad-Hoc|Any CPU
		Ad-Hoc|ARM = Ad-Hoc|ARM
		Ad-Hoc|iPhone = Ad-Hoc|iPhone
		Ad-Hoc|iPhoneSimulator = Ad-Hoc|iPhoneSimulator
		Ad-Hoc|Mixed Platforms = Ad-Hoc|Mixed Platforms
		Ad-Hoc|Win32 = Ad-Hoc|Win32
		Ad-Hoc|x64 = Ad-Hoc|x64
		Ad-Hoc|x86 = Ad-Hoc|x86
		AppStore|Any CPU = AppStore|Any CPU
		AppStore|ARM = AppStore|ARM
		AppStore|iPhone = AppStore|iPhone
		AppStore|iPhoneSimulator = AppStore|iPhoneSimulator
		AppStore|Mixed Platforms = AppStore|Mixed Platforms
		AppStore|Win32 = AppStore|Win32
		AppStore|x64 = AppStore|x64
		AppStore|x86 = AppStore|x86
		Debug|Any CPU = Debug|Any CPU
		Debug|ARM = Debug|ARM
		Debug|iPhone = Debug|iPhone
		Debug|iPhoneSimulator = Debug|iPhoneSimulator
		Debug|Mixed Platforms = Debug|Mixed Platforms
		Debug|Win32 = Debug|Win32
		Debug|x64 = Debug|x64
		Debug|x86 = Debug|x86
		Release|Any CPU = Release|Any CPU
		Release|ARM = Release|ARM
		Release|iPhone = Release|iPhone
		Release|iPhoneSimulator = Release|iPhoneSimulator
		Release|Mixed Platforms = Release|Mixed Platforms
		Release|Win32 = Release|Win32
		Release|x64 = Release|x64
		Release|x86 = Release|x86
	EndGlobalSection
	GlobalSection(ProjectConfigurationPlatforms) = postSolution
		{91E9E564-8A44-457B-A97C-E76C9F6275D6}.Ad-Hoc|Any CPU.ActiveCfg = Release|Any CPU
		{91E9E564-8A44-457B-A97C-E76C9F6275D6}.Ad-Hoc|ARM.ActiveCfg = Release|Any CPU
		{91E9E564-8A44-457B-A97C-E76C9F6275D6}.Ad-Hoc|iPhone.ActiveCfg = Release|Any CPU
		{91E9E564-8A44-457B-A97C-E76C9F6275D6}.Ad-Hoc|iPhoneSimulator.ActiveCfg = Release|Any CPU
		{91E9E564-8A44-457B-A97C-E76C9F6275D6}.Ad-Hoc|Mixed Platforms.ActiveCfg = Release|Any CPU
		{91E9E564-8A44-457B-A97C-E76C9F6275D6}.Ad-Hoc|Win32.ActiveCfg = Release|Any CPU
		{91E9E564-8A44-457B-A97C-E76C9F6275D6}.Ad-Hoc|x64.ActiveCfg = Release|Any CPU
		{91E9E564-8A44-457B-A97C-E76C9F6275D6}.Ad-Hoc|x86.ActiveCfg = Release|Any CPU
		{91E9E564-8A44-457B-A97C-E76C9F6275D6}.AppStore|Any CPU.ActiveCfg = Release|Any CPU
		{91E9E564-8A44-457B-A97C-E76C9F6275D6}.AppStore|ARM.ActiveCfg = Release|Any CPU
		{91E9E564-8A44-457B-A97C-E76C9F6275D6}.AppStore|iPhone.ActiveCfg = Release|Any CPU
		{91E9E564-8A44-457B-A97C-E76C9F6275D6}.AppStore|iPhoneSimulator.ActiveCfg = Release|Any CPU
		{91E9E564-8A44-457B-A97C-E76C9F6275D6}.AppStore|Mixed Platforms.ActiveCfg = Release|Any CPU
		{91E9E564-8A44-457B-A97C-E76C9F6275D6}.AppStore|Win32.ActiveCfg = Release|Any CPU
		{91E9E564-8A44-457B-A97C-E76C9F6275D6}.AppStore|x64.ActiveCfg = Release|Any CPU
		{91E9E564-8A44-457B-A97C-E76C9F6275D6}.AppStore|x86.ActiveCfg = Release|Any CPU
		{91E9E564-8A44-457B-A97C-E76C9F6275D6}.Debug|Any CPU.ActiveCfg = Debug|Any CPU
		{91E9E564-8A44-457B-A97C-E76C9F6275D6}.Debug|Any CPU.Build.0 = Debug|Any CPU
		{91E9E564-8A44-457B-A97C-E76C9F6275D6}.Debug|ARM.ActiveCfg = Debug|Any CPU
		{91E9E564-8A44-457B-A97C-E76C9F6275D6}.Debug|iPhone.ActiveCfg = Debug|Any CPU
		{91E9E564-8A44-457B-A97C-E76C9F6275D6}.Debug|iPhone.Build.0 = Debug|Any CPU
		{91E9E564-8A44-457B-A97C-E76C9F6275D6}.Debug|iPhoneSimulator.ActiveCfg = Debug|Any CPU
		{91E9E564-8A44-457B-A97C-E76C9F6275D6}.Debug|iPhoneSimulator.Build.0 = Debug|Any CPU
		{91E9E564-8A44-457B-A97C-E76C9F6275D6}.Debug|Mixed Platforms.ActiveCfg = Debug|Any CPU
		{91E9E564-8A44-457B-A97C-E76C9F6275D6}.Debug|Mixed Platforms.Build.0 = Debug|Any CPU
		{91E9E564-8A44-457B-A97C-E76C9F6275D6}.Debug|Win32.ActiveCfg = Debug|Any CPU
		{91E9E564-8A44-457B-A97C-E76C9F6275D6}.Debug|x64.ActiveCfg = Debug|Any CPU
		{91E9E564-8A44-457B-A97C-E76C9F6275D6}.Debug|x86.ActiveCfg = Debug|Any CPU
		{91E9E564-8A44-457B-A97C-E76C9F6275D6}.Release|Any CPU.ActiveCfg = Release|Any CPU
		{91E9E564-8A44-457B-A97C-E76C9F6275D6}.Release|Any CPU.Build.0 = Release|Any CPU
		{91E9E564-8A44-457B-A97C-E76C9F6275D6}.Release|ARM.ActiveCfg = Release|Any CPU
		{91E9E564-8A44-457B-A97C-E76C9F6275D6}.Release|iPhone.ActiveCfg = Release|Any CPU
		{91E9E564-8A44-457B-A97C-E76C9F6275D6}.Release|iPhoneSimulator.ActiveCfg = Release|Any CPU
		{91E9E564-8A44-457B-A97C-E76C9F6275D6}.Release|Mixed Platforms.ActiveCfg = Release|Any CPU
		{91E9E564-8A44-457B-A97C-E76C9F6275D6}.Release|Mixed Platforms.Build.0 = Release|Any CPU
		{91E9E564-8A44-457B-A97C-E76C9F6275D6}.Release|Win32.ActiveCfg = Release|Any CPU
		{91E9E564-8A44-457B-A97C-E76C9F6275D6}.Release|x64.ActiveCfg = Release|Any CPU
		{91E9E564-8A44-457B-A97C-E76C9F6275D6}.Release|x86.ActiveCfg = Release|Any CPU
		{94569420-69B5-4031-A975-F5791E3F2F17}.Ad-Hoc|Any CPU.ActiveCfg = Release|Any CPU
		{94569420-69B5-4031-A975-F5791E3F2F17}.Ad-Hoc|Any CPU.Build.0 = Release|Any CPU
		{94569420-69B5-4031-A975-F5791E3F2F17}.Ad-Hoc|ARM.ActiveCfg = Release|Any CPU
		{94569420-69B5-4031-A975-F5791E3F2F17}.Ad-Hoc|iPhone.ActiveCfg = Release|Any CPU
		{94569420-69B5-4031-A975-F5791E3F2F17}.Ad-Hoc|iPhoneSimulator.ActiveCfg = Release|Any CPU
		{94569420-69B5-4031-A975-F5791E3F2F17}.Ad-Hoc|Mixed Platforms.ActiveCfg = Release|Any CPU
		{94569420-69B5-4031-A975-F5791E3F2F17}.Ad-Hoc|Mixed Platforms.Build.0 = Release|Any CPU
		{94569420-69B5-4031-A975-F5791E3F2F17}.Ad-Hoc|Win32.ActiveCfg = Release|Any CPU
		{94569420-69B5-4031-A975-F5791E3F2F17}.Ad-Hoc|x64.ActiveCfg = Release|Any CPU
		{94569420-69B5-4031-A975-F5791E3F2F17}.Ad-Hoc|x86.ActiveCfg = Release|Any CPU
		{94569420-69B5-4031-A975-F5791E3F2F17}.AppStore|Any CPU.ActiveCfg = Release|Any CPU
		{94569420-69B5-4031-A975-F5791E3F2F17}.AppStore|Any CPU.Build.0 = Release|Any CPU
		{94569420-69B5-4031-A975-F5791E3F2F17}.AppStore|ARM.ActiveCfg = Release|Any CPU
		{94569420-69B5-4031-A975-F5791E3F2F17}.AppStore|iPhone.ActiveCfg = Release|Any CPU
		{94569420-69B5-4031-A975-F5791E3F2F17}.AppStore|iPhoneSimulator.ActiveCfg = Release|Any CPU
		{94569420-69B5-4031-A975-F5791E3F2F17}.AppStore|Mixed Platforms.ActiveCfg = Release|Any CPU
		{94569420-69B5-4031-A975-F5791E3F2F17}.AppStore|Mixed Platforms.Build.0 = Release|Any CPU
		{94569420-69B5-4031-A975-F5791E3F2F17}.AppStore|Win32.ActiveCfg = Release|Any CPU
		{94569420-69B5-4031-A975-F5791E3F2F17}.AppStore|x64.ActiveCfg = Release|Any CPU
		{94569420-69B5-4031-A975-F5791E3F2F17}.AppStore|x86.ActiveCfg = Release|Any CPU
		{94569420-69B5-4031-A975-F5791E3F2F17}.Debug|Any CPU.ActiveCfg = Debug|Any CPU
		{94569420-69B5-4031-A975-F5791E3F2F17}.Debug|Any CPU.Build.0 = Debug|Any CPU
		{94569420-69B5-4031-A975-F5791E3F2F17}.Debug|ARM.ActiveCfg = Debug|Any CPU
		{94569420-69B5-4031-A975-F5791E3F2F17}.Debug|iPhone.ActiveCfg = Debug|Any CPU
		{94569420-69B5-4031-A975-F5791E3F2F17}.Debug|iPhone.Build.0 = Debug|Any CPU
		{94569420-69B5-4031-A975-F5791E3F2F17}.Debug|iPhoneSimulator.ActiveCfg = Debug|Any CPU
		{94569420-69B5-4031-A975-F5791E3F2F17}.Debug|iPhoneSimulator.Build.0 = Debug|Any CPU
		{94569420-69B5-4031-A975-F5791E3F2F17}.Debug|Mixed Platforms.ActiveCfg = Debug|Any CPU
		{94569420-69B5-4031-A975-F5791E3F2F17}.Debug|Mixed Platforms.Build.0 = Debug|Any CPU
		{94569420-69B5-4031-A975-F5791E3F2F17}.Debug|Win32.ActiveCfg = Debug|Any CPU
		{94569420-69B5-4031-A975-F5791E3F2F17}.Debug|x64.ActiveCfg = Debug|Any CPU
		{94569420-69B5-4031-A975-F5791E3F2F17}.Debug|x86.ActiveCfg = Debug|Any CPU
		{94569420-69B5-4031-A975-F5791E3F2F17}.Release|Any CPU.ActiveCfg = Release|Any CPU
		{94569420-69B5-4031-A975-F5791E3F2F17}.Release|Any CPU.Build.0 = Release|Any CPU
		{94569420-69B5-4031-A975-F5791E3F2F17}.Release|ARM.ActiveCfg = Release|Any CPU
		{94569420-69B5-4031-A975-F5791E3F2F17}.Release|iPhone.ActiveCfg = Release|Any CPU
		{94569420-69B5-4031-A975-F5791E3F2F17}.Release|iPhoneSimulator.ActiveCfg = Release|Any CPU
		{94569420-69B5-4031-A975-F5791E3F2F17}.Release|Mixed Platforms.ActiveCfg = Release|Any CPU
		{94569420-69B5-4031-A975-F5791E3F2F17}.Release|Mixed Platforms.Build.0 = Release|Any CPU
		{94569420-69B5-4031-A975-F5791E3F2F17}.Release|Win32.ActiveCfg = Release|Any CPU
		{94569420-69B5-4031-A975-F5791E3F2F17}.Release|x64.ActiveCfg = Release|Any CPU
		{94569420-69B5-4031-A975-F5791E3F2F17}.Release|x86.ActiveCfg = Release|Any CPU
		{FA2C7F08-3CCB-47C2-B359-627CC96C04A3}.Ad-Hoc|Any CPU.ActiveCfg = Release|Any CPU
		{FA2C7F08-3CCB-47C2-B359-627CC96C04A3}.Ad-Hoc|Any CPU.Build.0 = Release|Any CPU
		{FA2C7F08-3CCB-47C2-B359-627CC96C04A3}.Ad-Hoc|ARM.ActiveCfg = Release|Any CPU
		{FA2C7F08-3CCB-47C2-B359-627CC96C04A3}.Ad-Hoc|iPhone.ActiveCfg = Release|Any CPU
		{FA2C7F08-3CCB-47C2-B359-627CC96C04A3}.Ad-Hoc|iPhoneSimulator.ActiveCfg = Release|Any CPU
		{FA2C7F08-3CCB-47C2-B359-627CC96C04A3}.Ad-Hoc|Mixed Platforms.ActiveCfg = Release|Any CPU
		{FA2C7F08-3CCB-47C2-B359-627CC96C04A3}.Ad-Hoc|Mixed Platforms.Build.0 = Release|Any CPU
		{FA2C7F08-3CCB-47C2-B359-627CC96C04A3}.Ad-Hoc|Win32.ActiveCfg = Release|Any CPU
		{FA2C7F08-3CCB-47C2-B359-627CC96C04A3}.Ad-Hoc|x64.ActiveCfg = Release|Any CPU
		{FA2C7F08-3CCB-47C2-B359-627CC96C04A3}.Ad-Hoc|x86.ActiveCfg = Release|Any CPU
		{FA2C7F08-3CCB-47C2-B359-627CC96C04A3}.AppStore|Any CPU.ActiveCfg = Release|Any CPU
		{FA2C7F08-3CCB-47C2-B359-627CC96C04A3}.AppStore|Any CPU.Build.0 = Release|Any CPU
		{FA2C7F08-3CCB-47C2-B359-627CC96C04A3}.AppStore|ARM.ActiveCfg = Release|Any CPU
		{FA2C7F08-3CCB-47C2-B359-627CC96C04A3}.AppStore|iPhone.ActiveCfg = Release|Any CPU
		{FA2C7F08-3CCB-47C2-B359-627CC96C04A3}.AppStore|iPhoneSimulator.ActiveCfg = Release|Any CPU
		{FA2C7F08-3CCB-47C2-B359-627CC96C04A3}.AppStore|Mixed Platforms.ActiveCfg = Release|Any CPU
		{FA2C7F08-3CCB-47C2-B359-627CC96C04A3}.AppStore|Mixed Platforms.Build.0 = Release|Any CPU
		{FA2C7F08-3CCB-47C2-B359-627CC96C04A3}.AppStore|Win32.ActiveCfg = Release|Any CPU
		{FA2C7F08-3CCB-47C2-B359-627CC96C04A3}.AppStore|x64.ActiveCfg = Release|Any CPU
		{FA2C7F08-3CCB-47C2-B359-627CC96C04A3}.AppStore|x86.ActiveCfg = Release|Any CPU
		{FA2C7F08-3CCB-47C2-B359-627CC96C04A3}.Debug|Any CPU.ActiveCfg = Debug|Any CPU
		{FA2C7F08-3CCB-47C2-B359-627CC96C04A3}.Debug|Any CPU.Build.0 = Debug|Any CPU
		{FA2C7F08-3CCB-47C2-B359-627CC96C04A3}.Debug|ARM.ActiveCfg = Debug|Any CPU
		{FA2C7F08-3CCB-47C2-B359-627CC96C04A3}.Debug|iPhone.ActiveCfg = Debug|Any CPU
		{FA2C7F08-3CCB-47C2-B359-627CC96C04A3}.Debug|iPhone.Build.0 = Debug|Any CPU
		{FA2C7F08-3CCB-47C2-B359-627CC96C04A3}.Debug|iPhoneSimulator.ActiveCfg = Debug|Any CPU
		{FA2C7F08-3CCB-47C2-B359-627CC96C04A3}.Debug|iPhoneSimulator.Build.0 = Debug|Any CPU
		{FA2C7F08-3CCB-47C2-B359-627CC96C04A3}.Debug|Mixed Platforms.ActiveCfg = Debug|Any CPU
		{FA2C7F08-3CCB-47C2-B359-627CC96C04A3}.Debug|Mixed Platforms.Build.0 = Debug|Any CPU
		{FA2C7F08-3CCB-47C2-B359-627CC96C04A3}.Debug|Win32.ActiveCfg = Debug|Any CPU
		{FA2C7F08-3CCB-47C2-B359-627CC96C04A3}.Debug|x64.ActiveCfg = Debug|Any CPU
		{FA2C7F08-3CCB-47C2-B359-627CC96C04A3}.Debug|x86.ActiveCfg = Debug|Any CPU
		{FA2C7F08-3CCB-47C2-B359-627CC96C04A3}.Release|Any CPU.ActiveCfg = Release|Any CPU
		{FA2C7F08-3CCB-47C2-B359-627CC96C04A3}.Release|Any CPU.Build.0 = Release|Any CPU
		{FA2C7F08-3CCB-47C2-B359-627CC96C04A3}.Release|ARM.ActiveCfg = Release|Any CPU
		{FA2C7F08-3CCB-47C2-B359-627CC96C04A3}.Release|iPhone.ActiveCfg = Release|Any CPU
		{FA2C7F08-3CCB-47C2-B359-627CC96C04A3}.Release|iPhoneSimulator.ActiveCfg = Release|Any CPU
		{FA2C7F08-3CCB-47C2-B359-627CC96C04A3}.Release|Mixed Platforms.ActiveCfg = Release|Any CPU
		{FA2C7F08-3CCB-47C2-B359-627CC96C04A3}.Release|Mixed Platforms.Build.0 = Release|Any CPU
		{FA2C7F08-3CCB-47C2-B359-627CC96C04A3}.Release|Win32.ActiveCfg = Release|Any CPU
		{FA2C7F08-3CCB-47C2-B359-627CC96C04A3}.Release|x64.ActiveCfg = Release|Any CPU
		{FA2C7F08-3CCB-47C2-B359-627CC96C04A3}.Release|x86.ActiveCfg = Release|Any CPU
		{75D27855-D189-44AE-9FA9-10E729C573F4}.Ad-Hoc|Any CPU.ActiveCfg = Release|Any CPU
		{75D27855-D189-44AE-9FA9-10E729C573F4}.Ad-Hoc|Any CPU.Build.0 = Release|Any CPU
		{75D27855-D189-44AE-9FA9-10E729C573F4}.Ad-Hoc|ARM.ActiveCfg = Release|Any CPU
		{75D27855-D189-44AE-9FA9-10E729C573F4}.Ad-Hoc|iPhone.ActiveCfg = Release|Any CPU
		{75D27855-D189-44AE-9FA9-10E729C573F4}.Ad-Hoc|iPhoneSimulator.ActiveCfg = Release|Any CPU
		{75D27855-D189-44AE-9FA9-10E729C573F4}.Ad-Hoc|Mixed Platforms.ActiveCfg = Release|Any CPU
		{75D27855-D189-44AE-9FA9-10E729C573F4}.Ad-Hoc|Mixed Platforms.Build.0 = Release|Any CPU
		{75D27855-D189-44AE-9FA9-10E729C573F4}.Ad-Hoc|Win32.ActiveCfg = Release|Any CPU
		{75D27855-D189-44AE-9FA9-10E729C573F4}.Ad-Hoc|x64.ActiveCfg = Release|Any CPU
		{75D27855-D189-44AE-9FA9-10E729C573F4}.Ad-Hoc|x86.ActiveCfg = Release|Any CPU
		{75D27855-D189-44AE-9FA9-10E729C573F4}.AppStore|Any CPU.ActiveCfg = Release|Any CPU
		{75D27855-D189-44AE-9FA9-10E729C573F4}.AppStore|Any CPU.Build.0 = Release|Any CPU
		{75D27855-D189-44AE-9FA9-10E729C573F4}.AppStore|ARM.ActiveCfg = Release|Any CPU
		{75D27855-D189-44AE-9FA9-10E729C573F4}.AppStore|iPhone.ActiveCfg = Release|Any CPU
		{75D27855-D189-44AE-9FA9-10E729C573F4}.AppStore|iPhoneSimulator.ActiveCfg = Release|Any CPU
		{75D27855-D189-44AE-9FA9-10E729C573F4}.AppStore|Mixed Platforms.ActiveCfg = Release|Any CPU
		{75D27855-D189-44AE-9FA9-10E729C573F4}.AppStore|Mixed Platforms.Build.0 = Release|Any CPU
		{75D27855-D189-44AE-9FA9-10E729C573F4}.AppStore|Win32.ActiveCfg = Release|Any CPU
		{75D27855-D189-44AE-9FA9-10E729C573F4}.AppStore|x64.ActiveCfg = Release|Any CPU
		{75D27855-D189-44AE-9FA9-10E729C573F4}.AppStore|x86.ActiveCfg = Release|Any CPU
		{75D27855-D189-44AE-9FA9-10E729C573F4}.Debug|Any CPU.ActiveCfg = Debug|Any CPU
		{75D27855-D189-44AE-9FA9-10E729C573F4}.Debug|Any CPU.Build.0 = Debug|Any CPU
		{75D27855-D189-44AE-9FA9-10E729C573F4}.Debug|ARM.ActiveCfg = Debug|Any CPU
		{75D27855-D189-44AE-9FA9-10E729C573F4}.Debug|iPhone.ActiveCfg = Debug|Any CPU
		{75D27855-D189-44AE-9FA9-10E729C573F4}.Debug|iPhone.Build.0 = Debug|Any CPU
		{75D27855-D189-44AE-9FA9-10E729C573F4}.Debug|iPhoneSimulator.ActiveCfg = Debug|Any CPU
		{75D27855-D189-44AE-9FA9-10E729C573F4}.Debug|iPhoneSimulator.Build.0 = Debug|Any CPU
		{75D27855-D189-44AE-9FA9-10E729C573F4}.Debug|Mixed Platforms.ActiveCfg = Debug|Any CPU
		{75D27855-D189-44AE-9FA9-10E729C573F4}.Debug|Mixed Platforms.Build.0 = Debug|Any CPU
		{75D27855-D189-44AE-9FA9-10E729C573F4}.Debug|Win32.ActiveCfg = Debug|Any CPU
		{75D27855-D189-44AE-9FA9-10E729C573F4}.Debug|x64.ActiveCfg = Debug|Any CPU
		{75D27855-D189-44AE-9FA9-10E729C573F4}.Debug|x86.ActiveCfg = Debug|Any CPU
		{75D27855-D189-44AE-9FA9-10E729C573F4}.Release|Any CPU.ActiveCfg = Release|Any CPU
		{75D27855-D189-44AE-9FA9-10E729C573F4}.Release|Any CPU.Build.0 = Release|Any CPU
		{75D27855-D189-44AE-9FA9-10E729C573F4}.Release|ARM.ActiveCfg = Release|Any CPU
		{75D27855-D189-44AE-9FA9-10E729C573F4}.Release|iPhone.ActiveCfg = Release|Any CPU
		{75D27855-D189-44AE-9FA9-10E729C573F4}.Release|iPhoneSimulator.ActiveCfg = Release|Any CPU
		{75D27855-D189-44AE-9FA9-10E729C573F4}.Release|Mixed Platforms.ActiveCfg = Release|Any CPU
		{75D27855-D189-44AE-9FA9-10E729C573F4}.Release|Mixed Platforms.Build.0 = Release|Any CPU
		{75D27855-D189-44AE-9FA9-10E729C573F4}.Release|Win32.ActiveCfg = Release|Any CPU
		{75D27855-D189-44AE-9FA9-10E729C573F4}.Release|x64.ActiveCfg = Release|Any CPU
		{75D27855-D189-44AE-9FA9-10E729C573F4}.Release|x86.ActiveCfg = Release|Any CPU
	EndGlobalSection
	GlobalSection(SolutionProperties) = preSolution
		HideSolutionNode = FALSE
	EndGlobalSection
	GlobalSection(NestedProjects) = preSolution
		{91E9E564-8A44-457B-A97C-E76C9F6275D6} = {0A180C16-51EB-44E1-A9DF-6BC742E49C24}
		{94569420-69B5-4031-A975-F5791E3F2F17} = {34FFBC9F-C270-4B10-98C8-F6882606DDFE}
		{FA2C7F08-3CCB-47C2-B359-627CC96C04A3} = {34FFBC9F-C270-4B10-98C8-F6882606DDFE}
		{75D27855-D189-44AE-9FA9-10E729C573F4} = {34FFBC9F-C270-4B10-98C8-F6882606DDFE}
	EndGlobalSection
	GlobalSection(MonoDevelopProperties) = preSolution
		Policies = $0
		$0.TextStylePolicy = $1
		$1.inheritsSet = VisualStudio
		$1.inheritsScope = text/plain
		$1.scope = text/x-csharp
		$0.CSharpFormattingPolicy = $2
		$2.IndentSwitchSection = True
		$2.NewLinesForBracesInProperties = True
		$2.NewLinesForBracesInAccessors = True
		$2.NewLinesForBracesInAnonymousMethods = True
		$2.NewLinesForBracesInControlBlocks = True
		$2.NewLinesForBracesInAnonymousTypes = True
		$2.NewLinesForBracesInObjectCollectionArrayInitializers = True
		$2.NewLinesForBracesInLambdaExpressionBody = True
		$2.NewLineForElse = True
		$2.NewLineForCatch = True
		$2.NewLineForFinally = True
		$2.NewLineForMembersInObjectInit = True
		$2.NewLineForMembersInAnonymousTypes = True
		$2.NewLineForClausesInQuery = True
		$2.SpacingAfterMethodDeclarationName = False
		$2.SpaceAfterMethodCallName = False
		$2.SpaceBeforeOpenSquareBracket = False
		$2.inheritsSet = Mono
		$2.inheritsScope = text/x-csharp
		$2.scope = text/x-csharp
	EndGlobalSection
EndGlobal
